// !$*UTF8*$!
{
	archiveVersion = 1;
	classes = {
	};
	objectVersion = 55;
	objects = {

/* Begin PBXBuildFile section */
		8564B5E828B0D44A001A02BD /* AppDelegate.swift in Sources */ = {isa = PBXBuildFile; fileRef = 8564B5E728B0D44A001A02BD /* AppDelegate.swift */; };
		8564B5EA28B0D44A001A02BD /* SceneDelegate.swift in Sources */ = {isa = PBXBuildFile; fileRef = 8564B5E928B0D44A001A02BD /* SceneDelegate.swift */; };
		8564B5EF28B0D44A001A02BD /* Main.storyboard in Resources */ = {isa = PBXBuildFile; fileRef = 8564B5ED28B0D44A001A02BD /* Main.storyboard */; };
		8564B5F128B0D44B001A02BD /* Assets.xcassets in Resources */ = {isa = PBXBuildFile; fileRef = 8564B5F028B0D44B001A02BD /* Assets.xcassets */; };
		8564B5F428B0D44B001A02BD /* LaunchScreen.storyboard in Resources */ = {isa = PBXBuildFile; fileRef = 8564B5F228B0D44B001A02BD /* LaunchScreen.storyboard */; };
		8564B5FD28B0D4C8001A02BD /* BaseViewController.swift in Sources */ = {isa = PBXBuildFile; fileRef = 8564B5FC28B0D4C8001A02BD /* BaseViewController.swift */; };
		8564B5FF28B0D4CE001A02BD /* BaseView.swift in Sources */ = {isa = PBXBuildFile; fileRef = 8564B5FE28B0D4CE001A02BD /* BaseView.swift */; };
		8564B60228B0D5BF001A02BD /* DiaryViewController.swift in Sources */ = {isa = PBXBuildFile; fileRef = 8564B60128B0D5BF001A02BD /* DiaryViewController.swift */; };
		8564B60428B0D5DE001A02BD /* DiaryView.swift in Sources */ = {isa = PBXBuildFile; fileRef = 8564B60328B0D5DE001A02BD /* DiaryView.swift */; };
		8564B60728B0D749001A02BD /* LightGrayBordTextField.swift in Sources */ = {isa = PBXBuildFile; fileRef = 8564B60628B0D749001A02BD /* LightGrayBordTextField.swift */; };
		8564B60A28B0DAE2001A02BD /* SnapKit in Frameworks */ = {isa = PBXBuildFile; productRef = 8564B60928B0DAE2001A02BD /* SnapKit */; };
		85788BD328B10A58008EC5E0 /* SearchViewController.swift in Sources */ = {isa = PBXBuildFile; fileRef = 85788BD228B10A58008EC5E0 /* SearchViewController.swift */; };
		85788BD728B10AB7008EC5E0 /* UIViewController+Extension.swift in Sources */ = {isa = PBXBuildFile; fileRef = 85788BD628B10AB7008EC5E0 /* UIViewController+Extension.swift */; };
		85788BDC28B10BE8008EC5E0 /* ReusableProtocol.swift in Sources */ = {isa = PBXBuildFile; fileRef = 85788BDB28B10BE8008EC5E0 /* ReusableProtocol.swift */; };
		85788BDE28B116C3008EC5E0 /* SearchView.swift in Sources */ = {isa = PBXBuildFile; fileRef = 85788BDD28B116C3008EC5E0 /* SearchView.swift */; };
		85788BF628B35F25008EC5E0 /* SearchCollectionViewCell.swift in Sources */ = {isa = PBXBuildFile; fileRef = 85788BF528B35F25008EC5E0 /* SearchCollectionViewCell.swift */; };
		85788BF928B36384008EC5E0 /* Kingfisher in Frameworks */ = {isa = PBXBuildFile; productRef = 85788BF828B36384008EC5E0 /* Kingfisher */; };
		85788BFB28B3C3A2008EC5E0 /* .gitignore in Resources */ = {isa = PBXBuildFile; fileRef = 85788BFA28B3C3A2008EC5E0 /* .gitignore */; };
		85788BFE28B3C3C1008EC5E0 /* APIKey.swift in Sources */ = {isa = PBXBuildFile; fileRef = 85788BFD28B3C3C1008EC5E0 /* APIKey.swift */; };
		85788C0128B3C5AF008EC5E0 /* NaverAPIManager.swift in Sources */ = {isa = PBXBuildFile; fileRef = 85788C0028B3C5AF008EC5E0 /* NaverAPIManager.swift */; };
		85788C0428B3C6A2008EC5E0 /* Alamofire in Frameworks */ = {isa = PBXBuildFile; productRef = 85788C0328B3C6A2008EC5E0 /* Alamofire */; };
		85788C0728B3C6AD008EC5E0 /* SwiftyJSON in Frameworks */ = {isa = PBXBuildFile; productRef = 85788C0628B3C6AD008EC5E0 /* SwiftyJSON */; };
		85788C0A28B3C74E008EC5E0 /* EndPoint.swift in Sources */ = {isa = PBXBuildFile; fileRef = 85788C0928B3C74E008EC5E0 /* EndPoint.swift */; };
		85788C0C28B3CC31008EC5E0 /* UnSplashAPIManager.swift in Sources */ = {isa = PBXBuildFile; fileRef = 85788C0B28B3CC31008EC5E0 /* UnSplashAPIManager.swift */; };
		85788C1228B602AD008EC5E0 /* HomeViewController.swift in Sources */ = {isa = PBXBuildFile; fileRef = 85788C1128B602AD008EC5E0 /* HomeViewController.swift */; };
		85788C1428B60407008EC5E0 /* HomeView.swift in Sources */ = {isa = PBXBuildFile; fileRef = 85788C1328B60407008EC5E0 /* HomeView.swift */; };
		85788C1628B6077F008EC5E0 /* DiaryListTableViewCell.swift in Sources */ = {isa = PBXBuildFile; fileRef = 85788C1528B6077F008EC5E0 /* DiaryListTableViewCell.swift */; };
		85788C1928B621E8008EC5E0 /* Realm in Frameworks */ = {isa = PBXBuildFile; productRef = 85788C1828B621E8008EC5E0 /* Realm */; };
		85788C1B28B621E8008EC5E0 /* RealmSwift in Frameworks */ = {isa = PBXBuildFile; productRef = 85788C1A28B621E8008EC5E0 /* RealmSwift */; };
		85788C1E28B626F4008EC5E0 /* RealmModel.swift in Sources */ = {isa = PBXBuildFile; fileRef = 85788C1D28B626F4008EC5E0 /* RealmModel.swift */; };
		85788C2128B63411008EC5E0 /* Toast in Frameworks */ = {isa = PBXBuildFile; productRef = 85788C2028B63411008EC5E0 /* Toast */; };
		85788C2328B66114008EC5E0 /* SelectImageDelegateProtocol.swift in Sources */ = {isa = PBXBuildFile; fileRef = 85788C2228B66114008EC5E0 /* SelectImageDelegateProtocol.swift */; };
		85788C2728B66FA0008EC5E0 /* FileManager+Extension.swift in Sources */ = {isa = PBXBuildFile; fileRef = 85788C2628B66FA0008EC5E0 /* FileManager+Extension.swift */; };
/* End PBXBuildFile section */

/* Begin PBXFileReference section */
		8564B5E428B0D44A001A02BD /* DiaryApp.app */ = {isa = PBXFileReference; explicitFileType = wrapper.application; includeInIndex = 0; path = DiaryApp.app; sourceTree = BUILT_PRODUCTS_DIR; };
		8564B5E728B0D44A001A02BD /* AppDelegate.swift */ = {isa = PBXFileReference; lastKnownFileType = sourcecode.swift; path = AppDelegate.swift; sourceTree = "<group>"; };
		8564B5E928B0D44A001A02BD /* SceneDelegate.swift */ = {isa = PBXFileReference; lastKnownFileType = sourcecode.swift; path = SceneDelegate.swift; sourceTree = "<group>"; };
		8564B5EE28B0D44A001A02BD /* Base */ = {isa = PBXFileReference; lastKnownFileType = file.storyboard; name = Base; path = Base.lproj/Main.storyboard; sourceTree = "<group>"; };
		8564B5F028B0D44B001A02BD /* Assets.xcassets */ = {isa = PBXFileReference; lastKnownFileType = folder.assetcatalog; path = Assets.xcassets; sourceTree = "<group>"; };
		8564B5F328B0D44B001A02BD /* Base */ = {isa = PBXFileReference; lastKnownFileType = file.storyboard; name = Base; path = Base.lproj/LaunchScreen.storyboard; sourceTree = "<group>"; };
		8564B5F528B0D44B001A02BD /* Info.plist */ = {isa = PBXFileReference; lastKnownFileType = text.plist.xml; path = Info.plist; sourceTree = "<group>"; };
		8564B5FC28B0D4C8001A02BD /* BaseViewController.swift */ = {isa = PBXFileReference; lastKnownFileType = sourcecode.swift; path = BaseViewController.swift; sourceTree = "<group>"; };
		8564B5FE28B0D4CE001A02BD /* BaseView.swift */ = {isa = PBXFileReference; lastKnownFileType = sourcecode.swift; path = BaseView.swift; sourceTree = "<group>"; };
		8564B60128B0D5BF001A02BD /* DiaryViewController.swift */ = {isa = PBXFileReference; lastKnownFileType = sourcecode.swift; path = DiaryViewController.swift; sourceTree = "<group>"; };
		8564B60328B0D5DE001A02BD /* DiaryView.swift */ = {isa = PBXFileReference; lastKnownFileType = sourcecode.swift; path = DiaryView.swift; sourceTree = "<group>"; };
		8564B60628B0D749001A02BD /* LightGrayBordTextField.swift */ = {isa = PBXFileReference; lastKnownFileType = sourcecode.swift; path = LightGrayBordTextField.swift; sourceTree = "<group>"; };
		85788BD228B10A58008EC5E0 /* SearchViewController.swift */ = {isa = PBXFileReference; lastKnownFileType = sourcecode.swift; path = SearchViewController.swift; sourceTree = "<group>"; };
		85788BD628B10AB7008EC5E0 /* UIViewController+Extension.swift */ = {isa = PBXFileReference; lastKnownFileType = sourcecode.swift; path = "UIViewController+Extension.swift"; sourceTree = "<group>"; };
		85788BDB28B10BE8008EC5E0 /* ReusableProtocol.swift */ = {isa = PBXFileReference; lastKnownFileType = sourcecode.swift; path = ReusableProtocol.swift; sourceTree = "<group>"; };
		85788BDD28B116C3008EC5E0 /* SearchView.swift */ = {isa = PBXFileReference; lastKnownFileType = sourcecode.swift; path = SearchView.swift; sourceTree = "<group>"; };
		85788BF528B35F25008EC5E0 /* SearchCollectionViewCell.swift */ = {isa = PBXFileReference; lastKnownFileType = sourcecode.swift; path = SearchCollectionViewCell.swift; sourceTree = "<group>"; };
		85788BFA28B3C3A2008EC5E0 /* .gitignore */ = {isa = PBXFileReference; lastKnownFileType = text; path = .gitignore; sourceTree = "<group>"; };
		85788BFD28B3C3C1008EC5E0 /* APIKey.swift */ = {isa = PBXFileReference; lastKnownFileType = sourcecode.swift; path = APIKey.swift; sourceTree = "<group>"; };
		85788C0028B3C5AF008EC5E0 /* NaverAPIManager.swift */ = {isa = PBXFileReference; lastKnownFileType = sourcecode.swift; path = NaverAPIManager.swift; sourceTree = "<group>"; };
		85788C0928B3C74E008EC5E0 /* EndPoint.swift */ = {isa = PBXFileReference; lastKnownFileType = sourcecode.swift; path = EndPoint.swift; sourceTree = "<group>"; };
		85788C0B28B3CC31008EC5E0 /* UnSplashAPIManager.swift */ = {isa = PBXFileReference; lastKnownFileType = sourcecode.swift; path = UnSplashAPIManager.swift; sourceTree = "<group>"; };
		85788C1128B602AD008EC5E0 /* HomeViewController.swift */ = {isa = PBXFileReference; lastKnownFileType = sourcecode.swift; path = HomeViewController.swift; sourceTree = "<group>"; };
		85788C1328B60407008EC5E0 /* HomeView.swift */ = {isa = PBXFileReference; lastKnownFileType = sourcecode.swift; path = HomeView.swift; sourceTree = "<group>"; };
		85788C1528B6077F008EC5E0 /* DiaryListTableViewCell.swift */ = {isa = PBXFileReference; lastKnownFileType = sourcecode.swift; path = DiaryListTableViewCell.swift; sourceTree = "<group>"; };
		85788C1D28B626F4008EC5E0 /* RealmModel.swift */ = {isa = PBXFileReference; lastKnownFileType = sourcecode.swift; path = RealmModel.swift; sourceTree = "<group>"; };
		85788C2228B66114008EC5E0 /* SelectImageDelegateProtocol.swift */ = {isa = PBXFileReference; lastKnownFileType = sourcecode.swift; path = SelectImageDelegateProtocol.swift; sourceTree = "<group>"; };
		85788C2628B66FA0008EC5E0 /* FileManager+Extension.swift */ = {isa = PBXFileReference; lastKnownFileType = sourcecode.swift; path = "FileManager+Extension.swift"; sourceTree = "<group>"; };
/* End PBXFileReference section */

/* Begin PBXFrameworksBuildPhase section */
		8564B5E128B0D44A001A02BD /* Frameworks */ = {
			isa = PBXFrameworksBuildPhase;
			buildActionMask = 2147483647;
			files = (
				85788C1B28B621E8008EC5E0 /* RealmSwift in Frameworks */,
				85788C0428B3C6A2008EC5E0 /* Alamofire in Frameworks */,
				85788BF928B36384008EC5E0 /* Kingfisher in Frameworks */,
				85788C0728B3C6AD008EC5E0 /* SwiftyJSON in Frameworks */,
				8564B60A28B0DAE2001A02BD /* SnapKit in Frameworks */,
				85788C2128B63411008EC5E0 /* Toast in Frameworks */,
				85788C1928B621E8008EC5E0 /* Realm in Frameworks */,
			);
			runOnlyForDeploymentPostprocessing = 0;
		};
/* End PBXFrameworksBuildPhase section */

/* Begin PBXGroup section */
		8564B5DB28B0D44A001A02BD = {
			isa = PBXGroup;
			children = (
				85788BFA28B3C3A2008EC5E0 /* .gitignore */,
				8564B5E628B0D44A001A02BD /* DiaryApp */,
				8564B5E528B0D44A001A02BD /* Products */,
			);
			sourceTree = "<group>";
		};
		8564B5E528B0D44A001A02BD /* Products */ = {
			isa = PBXGroup;
			children = (
				8564B5E428B0D44A001A02BD /* DiaryApp.app */,
			);
			name = Products;
			sourceTree = "<group>";
		};
		8564B5E628B0D44A001A02BD /* DiaryApp */ = {
			isa = PBXGroup;
			children = (
				85788C1C28B626E4008EC5E0 /* Realm */,
				85788C1028B6024E008EC5E0 /* Home */,
				85788BFF28B3C585008EC5E0 /* APIManager */,
				85788BFC28B3C3B4008EC5E0 /* Key */,
				85788BDA28B10BD6008EC5E0 /* Protocol */,
				85788BD528B10A9F008EC5E0 /* Extension */,
				85788BD128B10A46008EC5E0 /* Searh */,
				8564B60028B0D5A9001A02BD /* Diary */,
				8564B5FB28B0D47E001A02BD /* Utility */,
				8564B5E728B0D44A001A02BD /* AppDelegate.swift */,
				8564B5E928B0D44A001A02BD /* SceneDelegate.swift */,
				8564B5ED28B0D44A001A02BD /* Main.storyboard */,
				8564B5F028B0D44B001A02BD /* Assets.xcassets */,
				8564B5F228B0D44B001A02BD /* LaunchScreen.storyboard */,
				8564B5F528B0D44B001A02BD /* Info.plist */,
			);
			path = DiaryApp;
			sourceTree = "<group>";
		};
		8564B5FB28B0D47E001A02BD /* Utility */ = {
			isa = PBXGroup;
			children = (
				8564B60528B0D730001A02BD /* CustomView */,
				8564B5FC28B0D4C8001A02BD /* BaseViewController.swift */,
				8564B5FE28B0D4CE001A02BD /* BaseView.swift */,
			);
			path = Utility;
			sourceTree = "<group>";
		};
		8564B60028B0D5A9001A02BD /* Diary */ = {
			isa = PBXGroup;
			children = (
				8564B60128B0D5BF001A02BD /* DiaryViewController.swift */,
				8564B60328B0D5DE001A02BD /* DiaryView.swift */,
			);
			path = Diary;
			sourceTree = "<group>";
		};
		8564B60528B0D730001A02BD /* CustomView */ = {
			isa = PBXGroup;
			children = (
				8564B60628B0D749001A02BD /* LightGrayBordTextField.swift */,
			);
			path = CustomView;
			sourceTree = "<group>";
		};
		85788BD128B10A46008EC5E0 /* Searh */ = {
			isa = PBXGroup;
			children = (
				85788BD228B10A58008EC5E0 /* SearchViewController.swift */,
				85788BDD28B116C3008EC5E0 /* SearchView.swift */,
				85788BF528B35F25008EC5E0 /* SearchCollectionViewCell.swift */,
			);
			path = Searh;
			sourceTree = "<group>";
		};
		85788BD528B10A9F008EC5E0 /* Extension */ = {
			isa = PBXGroup;
			children = (
				85788BD628B10AB7008EC5E0 /* UIViewController+Extension.swift */,
				85788C2628B66FA0008EC5E0 /* FileManager+Extension.swift */,
			);
			path = Extension;
			sourceTree = "<group>";
		};
		85788BDA28B10BD6008EC5E0 /* Protocol */ = {
			isa = PBXGroup;
			children = (
				85788BDB28B10BE8008EC5E0 /* ReusableProtocol.swift */,
				85788C2228B66114008EC5E0 /* SelectImageDelegateProtocol.swift */,
			);
			path = Protocol;
			sourceTree = "<group>";
		};
		85788BFC28B3C3B4008EC5E0 /* Key */ = {
			isa = PBXGroup;
			children = (
				85788BFD28B3C3C1008EC5E0 /* APIKey.swift */,
				85788C0928B3C74E008EC5E0 /* EndPoint.swift */,
			);
			path = Key;
			sourceTree = "<group>";
		};
		85788BFF28B3C585008EC5E0 /* APIManager */ = {
			isa = PBXGroup;
			children = (
				85788C0028B3C5AF008EC5E0 /* NaverAPIManager.swift */,
				85788C0B28B3CC31008EC5E0 /* UnSplashAPIManager.swift */,
			);
			path = APIManager;
			sourceTree = "<group>";
		};
		85788C1028B6024E008EC5E0 /* Home */ = {
			isa = PBXGroup;
			children = (
				85788C1128B602AD008EC5E0 /* HomeViewController.swift */,
				85788C1328B60407008EC5E0 /* HomeView.swift */,
				85788C1528B6077F008EC5E0 /* DiaryListTableViewCell.swift */,
			);
			path = Home;
			sourceTree = "<group>";
		};
		85788C1C28B626E4008EC5E0 /* Realm */ = {
			isa = PBXGroup;
			children = (
				85788C1D28B626F4008EC5E0 /* RealmModel.swift */,
			);
			path = Realm;
			sourceTree = "<group>";
		};
/* End PBXGroup section */

/* Begin PBXNativeTarget section */
		8564B5E328B0D44A001A02BD /* DiaryApp */ = {
			isa = PBXNativeTarget;
			buildConfigurationList = 8564B5F828B0D44B001A02BD /* Build configuration list for PBXNativeTarget "DiaryApp" */;
			buildPhases = (
				8564B5E028B0D44A001A02BD /* Sources */,
				8564B5E128B0D44A001A02BD /* Frameworks */,
				8564B5E228B0D44A001A02BD /* Resources */,
			);
			buildRules = (
			);
			dependencies = (
			);
			name = DiaryApp;
			packageProductDependencies = (
				8564B60928B0DAE2001A02BD /* SnapKit */,
				85788BF828B36384008EC5E0 /* Kingfisher */,
				85788C0328B3C6A2008EC5E0 /* Alamofire */,
				85788C0628B3C6AD008EC5E0 /* SwiftyJSON */,
				85788C1828B621E8008EC5E0 /* Realm */,
				85788C1A28B621E8008EC5E0 /* RealmSwift */,
				85788C2028B63411008EC5E0 /* Toast */,
			);
			productName = DiaryApp;
			productReference = 8564B5E428B0D44A001A02BD /* DiaryApp.app */;
			productType = "com.apple.product-type.application";
		};
/* End PBXNativeTarget section */

/* Begin PBXProject section */
		8564B5DC28B0D44A001A02BD /* Project object */ = {
			isa = PBXProject;
			attributes = {
				BuildIndependentTargetsInParallel = 1;
				LastSwiftUpdateCheck = 1340;
				LastUpgradeCheck = 1340;
				TargetAttributes = {
					8564B5E328B0D44A001A02BD = {
						CreatedOnToolsVersion = 13.4.1;
					};
				};
			};
			buildConfigurationList = 8564B5DF28B0D44A001A02BD /* Build configuration list for PBXProject "DiaryApp" */;
			compatibilityVersion = "Xcode 13.0";
			developmentRegion = en;
			hasScannedForEncodings = 0;
			knownRegions = (
				en,
				Base,
			);
			mainGroup = 8564B5DB28B0D44A001A02BD;
			packageReferences = (
				8564B60828B0DAE2001A02BD /* XCRemoteSwiftPackageReference "SnapKit" */,
				85788BF728B36384008EC5E0 /* XCRemoteSwiftPackageReference "Kingfisher" */,
				85788C0228B3C6A2008EC5E0 /* XCRemoteSwiftPackageReference "Alamofire" */,
				85788C0528B3C6AD008EC5E0 /* XCRemoteSwiftPackageReference "SwiftyJSON" */,
				85788C1728B621E8008EC5E0 /* XCRemoteSwiftPackageReference "realm-swift" */,
				85788C1F28B63410008EC5E0 /* XCRemoteSwiftPackageReference "Toast-Swift" */,
			);
			productRefGroup = 8564B5E528B0D44A001A02BD /* Products */;
			projectDirPath = "";
			projectRoot = "";
			targets = (
				8564B5E328B0D44A001A02BD /* DiaryApp */,
			);
		};
/* End PBXProject section */

/* Begin PBXResourcesBuildPhase section */
		8564B5E228B0D44A001A02BD /* Resources */ = {
			isa = PBXResourcesBuildPhase;
			buildActionMask = 2147483647;
			files = (
				85788BFB28B3C3A2008EC5E0 /* .gitignore in Resources */,
				8564B5F428B0D44B001A02BD /* LaunchScreen.storyboard in Resources */,
				8564B5F128B0D44B001A02BD /* Assets.xcassets in Resources */,
				8564B5EF28B0D44A001A02BD /* Main.storyboard in Resources */,
			);
			runOnlyForDeploymentPostprocessing = 0;
		};
/* End PBXResourcesBuildPhase section */

/* Begin PBXSourcesBuildPhase section */
		8564B5E028B0D44A001A02BD /* Sources */ = {
			isa = PBXSourcesBuildPhase;
			buildActionMask = 2147483647;
			files = (
				85788BD728B10AB7008EC5E0 /* UIViewController+Extension.swift in Sources */,
				8564B5FD28B0D4C8001A02BD /* BaseViewController.swift in Sources */,
				85788BF628B35F25008EC5E0 /* SearchCollectionViewCell.swift in Sources */,
				85788C1228B602AD008EC5E0 /* HomeViewController.swift in Sources */,
				85788BDC28B10BE8008EC5E0 /* ReusableProtocol.swift in Sources */,
				8564B5FF28B0D4CE001A02BD /* BaseView.swift in Sources */,
				85788BD328B10A58008EC5E0 /* SearchViewController.swift in Sources */,
				85788C0C28B3CC31008EC5E0 /* UnSplashAPIManager.swift in Sources */,
				8564B60428B0D5DE001A02BD /* DiaryView.swift in Sources */,
				85788C1428B60407008EC5E0 /* HomeView.swift in Sources */,
				8564B5E828B0D44A001A02BD /* AppDelegate.swift in Sources */,
				85788C2728B66FA0008EC5E0 /* FileManager+Extension.swift in Sources */,
				8564B60228B0D5BF001A02BD /* DiaryViewController.swift in Sources */,
				8564B5EA28B0D44A001A02BD /* SceneDelegate.swift in Sources */,
				85788C2328B66114008EC5E0 /* SelectImageDelegateProtocol.swift in Sources */,
				85788C1E28B626F4008EC5E0 /* RealmModel.swift in Sources */,
				8564B60728B0D749001A02BD /* LightGrayBordTextField.swift in Sources */,
				85788C0128B3C5AF008EC5E0 /* NaverAPIManager.swift in Sources */,
				85788C0A28B3C74E008EC5E0 /* EndPoint.swift in Sources */,
				85788C1628B6077F008EC5E0 /* DiaryListTableViewCell.swift in Sources */,
				85788BFE28B3C3C1008EC5E0 /* APIKey.swift in Sources */,
				85788BDE28B116C3008EC5E0 /* SearchView.swift in Sources */,
			);
			runOnlyForDeploymentPostprocessing = 0;
		};
/* End PBXSourcesBuildPhase section */

/* Begin PBXVariantGroup section */
		8564B5ED28B0D44A001A02BD /* Main.storyboard */ = {
			isa = PBXVariantGroup;
			children = (
				8564B5EE28B0D44A001A02BD /* Base */,
			);
			name = Main.storyboard;
			sourceTree = "<group>";
		};
		8564B5F228B0D44B001A02BD /* LaunchScreen.storyboard */ = {
			isa = PBXVariantGroup;
			children = (
				8564B5F328B0D44B001A02BD /* Base */,
			);
			name = LaunchScreen.storyboard;
			sourceTree = "<group>";
		};
/* End PBXVariantGroup section */

/* Begin XCBuildConfiguration section */
		8564B5F628B0D44B001A02BD /* Debug */ = {
			isa = XCBuildConfiguration;
			buildSettings = {
				ALWAYS_SEARCH_USER_PATHS = NO;
				CLANG_ANALYZER_NONNULL = YES;
				CLANG_ANALYZER_NUMBER_OBJECT_CONVERSION = YES_AGGRESSIVE;
				CLANG_CXX_LANGUAGE_STANDARD = "gnu++17";
				CLANG_ENABLE_MODULES = YES;
				CLANG_ENABLE_OBJC_ARC = YES;
				CLANG_ENABLE_OBJC_WEAK = YES;
				CLANG_WARN_BLOCK_CAPTURE_AUTORELEASING = YES;
				CLANG_WARN_BOOL_CONVERSION = YES;
				CLANG_WARN_COMMA = YES;
				CLANG_WARN_CONSTANT_CONVERSION = YES;
				CLANG_WARN_DEPRECATED_OBJC_IMPLEMENTATIONS = YES;
				CLANG_WARN_DIRECT_OBJC_ISA_USAGE = YES_ERROR;
				CLANG_WARN_DOCUMENTATION_COMMENTS = YES;
				CLANG_WARN_EMPTY_BODY = YES;
				CLANG_WARN_ENUM_CONVERSION = YES;
				CLANG_WARN_INFINITE_RECURSION = YES;
				CLANG_WARN_INT_CONVERSION = YES;
				CLANG_WARN_NON_LITERAL_NULL_CONVERSION = YES;
				CLANG_WARN_OBJC_IMPLICIT_RETAIN_SELF = YES;
				CLANG_WARN_OBJC_LITERAL_CONVERSION = YES;
				CLANG_WARN_OBJC_ROOT_CLASS = YES_ERROR;
				CLANG_WARN_QUOTED_INCLUDE_IN_FRAMEWORK_HEADER = YES;
				CLANG_WARN_RANGE_LOOP_ANALYSIS = YES;
				CLANG_WARN_STRICT_PROTOTYPES = YES;
				CLANG_WARN_SUSPICIOUS_MOVE = YES;
				CLANG_WARN_UNGUARDED_AVAILABILITY = YES_AGGRESSIVE;
				CLANG_WARN_UNREACHABLE_CODE = YES;
				CLANG_WARN__DUPLICATE_METHOD_MATCH = YES;
				COPY_PHASE_STRIP = NO;
				DEBUG_INFORMATION_FORMAT = dwarf;
				ENABLE_STRICT_OBJC_MSGSEND = YES;
				ENABLE_TESTABILITY = YES;
				GCC_C_LANGUAGE_STANDARD = gnu11;
				GCC_DYNAMIC_NO_PIC = NO;
				GCC_NO_COMMON_BLOCKS = YES;
				GCC_OPTIMIZATION_LEVEL = 0;
				GCC_PREPROCESSOR_DEFINITIONS = (
					"DEBUG=1",
					"$(inherited)",
				);
				GCC_WARN_64_TO_32_BIT_CONVERSION = YES;
				GCC_WARN_ABOUT_RETURN_TYPE = YES_ERROR;
				GCC_WARN_UNDECLARED_SELECTOR = YES;
				GCC_WARN_UNINITIALIZED_AUTOS = YES_AGGRESSIVE;
				GCC_WARN_UNUSED_FUNCTION = YES;
				GCC_WARN_UNUSED_VARIABLE = YES;
				IPHONEOS_DEPLOYMENT_TARGET = 15.5;
				MTL_ENABLE_DEBUG_INFO = INCLUDE_SOURCE;
				MTL_FAST_MATH = YES;
				ONLY_ACTIVE_ARCH = YES;
				SDKROOT = iphoneos;
				SWIFT_ACTIVE_COMPILATION_CONDITIONS = DEBUG;
				SWIFT_OPTIMIZATION_LEVEL = "-Onone";
			};
			name = Debug;
		};
		8564B5F728B0D44B001A02BD /* Release */ = {
			isa = XCBuildConfiguration;
			buildSettings = {
				ALWAYS_SEARCH_USER_PATHS = NO;
				CLANG_ANALYZER_NONNULL = YES;
				CLANG_ANALYZER_NUMBER_OBJECT_CONVERSION = YES_AGGRESSIVE;
				CLANG_CXX_LANGUAGE_STANDARD = "gnu++17";
				CLANG_ENABLE_MODULES = YES;
				CLANG_ENABLE_OBJC_ARC = YES;
				CLANG_ENABLE_OBJC_WEAK = YES;
				CLANG_WARN_BLOCK_CAPTURE_AUTORELEASING = YES;
				CLANG_WARN_BOOL_CONVERSION = YES;
				CLANG_WARN_COMMA = YES;
				CLANG_WARN_CONSTANT_CONVERSION = YES;
				CLANG_WARN_DEPRECATED_OBJC_IMPLEMENTATIONS = YES;
				CLANG_WARN_DIRECT_OBJC_ISA_USAGE = YES_ERROR;
				CLANG_WARN_DOCUMENTATION_COMMENTS = YES;
				CLANG_WARN_EMPTY_BODY = YES;
				CLANG_WARN_ENUM_CONVERSION = YES;
				CLANG_WARN_INFINITE_RECURSION = YES;
				CLANG_WARN_INT_CONVERSION = YES;
				CLANG_WARN_NON_LITERAL_NULL_CONVERSION = YES;
				CLANG_WARN_OBJC_IMPLICIT_RETAIN_SELF = YES;
				CLANG_WARN_OBJC_LITERAL_CONVERSION = YES;
				CLANG_WARN_OBJC_ROOT_CLASS = YES_ERROR;
				CLANG_WARN_QUOTED_INCLUDE_IN_FRAMEWORK_HEADER = YES;
				CLANG_WARN_RANGE_LOOP_ANALYSIS = YES;
				CLANG_WARN_STRICT_PROTOTYPES = YES;
				CLANG_WARN_SUSPICIOUS_MOVE = YES;
				CLANG_WARN_UNGUARDED_AVAILABILITY = YES_AGGRESSIVE;
				CLANG_WARN_UNREACHABLE_CODE = YES;
				CLANG_WARN__DUPLICATE_METHOD_MATCH = YES;
				COPY_PHASE_STRIP = NO;
				DEBUG_INFORMATION_FORMAT = "dwarf-with-dsym";
				ENABLE_NS_ASSERTIONS = NO;
				ENABLE_STRICT_OBJC_MSGSEND = YES;
				GCC_C_LANGUAGE_STANDARD = gnu11;
				GCC_NO_COMMON_BLOCKS = YES;
				GCC_WARN_64_TO_32_BIT_CONVERSION = YES;
				GCC_WARN_ABOUT_RETURN_TYPE = YES_ERROR;
				GCC_WARN_UNDECLARED_SELECTOR = YES;
				GCC_WARN_UNINITIALIZED_AUTOS = YES_AGGRESSIVE;
				GCC_WARN_UNUSED_FUNCTION = YES;
				GCC_WARN_UNUSED_VARIABLE = YES;
				IPHONEOS_DEPLOYMENT_TARGET = 15.5;
				MTL_ENABLE_DEBUG_INFO = NO;
				MTL_FAST_MATH = YES;
				SDKROOT = iphoneos;
				SWIFT_COMPILATION_MODE = wholemodule;
				SWIFT_OPTIMIZATION_LEVEL = "-O";
				VALIDATE_PRODUCT = YES;
			};
			name = Release;
		};
		8564B5F928B0D44B001A02BD /* Debug */ = {
			isa = XCBuildConfiguration;
			buildSettings = {
				ASSETCATALOG_COMPILER_APPICON_NAME = AppIcon;
				ASSETCATALOG_COMPILER_GLOBAL_ACCENT_COLOR_NAME = AccentColor;
				CODE_SIGN_STYLE = Automatic;
				CURRENT_PROJECT_VERSION = 1;
				DEVELOPMENT_TEAM = 3K4KWAG7KD;
				GENERATE_INFOPLIST_FILE = YES;
				INFOPLIST_FILE = DiaryApp/Info.plist;
				INFOPLIST_KEY_UIApplicationSupportsIndirectInputEvents = YES;
				INFOPLIST_KEY_UILaunchStoryboardName = LaunchScreen;
				INFOPLIST_KEY_UIMainStoryboardFile = Main;
				INFOPLIST_KEY_UISupportedInterfaceOrientations_iPad = "UIInterfaceOrientationPortrait UIInterfaceOrientationPortraitUpsideDown UIInterfaceOrientationLandscapeLeft UIInterfaceOrientationLandscapeRight";
				INFOPLIST_KEY_UISupportedInterfaceOrientations_iPhone = "UIInterfaceOrientationPortrait UIInterfaceOrientationLandscapeLeft UIInterfaceOrientationLandscapeRight";
				LD_RUNPATH_SEARCH_PATHS = (
					"$(inherited)",
					"@executable_path/Frameworks",
				);
				MARKETING_VERSION = 1.0;
				PRODUCT_BUNDLE_IDENTIFIER = com.hano.DiaryApp;
				PRODUCT_NAME = "$(TARGET_NAME)";
				SWIFT_EMIT_LOC_STRINGS = YES;
				SWIFT_VERSION = 5.0;
				TARGETED_DEVICE_FAMILY = "1,2";
			};
			name = Debug;
		};
		8564B5FA28B0D44B001A02BD /* Release */ = {
			isa = XCBuildConfiguration;
			buildSettings = {
				ASSETCATALOG_COMPILER_APPICON_NAME = AppIcon;
				ASSETCATALOG_COMPILER_GLOBAL_ACCENT_COLOR_NAME = AccentColor;
				CODE_SIGN_STYLE = Automatic;
				CURRENT_PROJECT_VERSION = 1;
				DEVELOPMENT_TEAM = 3K4KWAG7KD;
				GENERATE_INFOPLIST_FILE = YES;
				INFOPLIST_FILE = DiaryApp/Info.plist;
				INFOPLIST_KEY_UIApplicationSupportsIndirectInputEvents = YES;
				INFOPLIST_KEY_UILaunchStoryboardName = LaunchScreen;
				INFOPLIST_KEY_UIMainStoryboardFile = Main;
				INFOPLIST_KEY_UISupportedInterfaceOrientations_iPad = "UIInterfaceOrientationPortrait UIInterfaceOrientationPortraitUpsideDown UIInterfaceOrientationLandscapeLeft UIInterfaceOrientationLandscapeRight";
				INFOPLIST_KEY_UISupportedInterfaceOrientations_iPhone = "UIInterfaceOrientationPortrait UIInterfaceOrientationLandscapeLeft UIInterfaceOrientationLandscapeRight";
				LD_RUNPATH_SEARCH_PATHS = (
					"$(inherited)",
					"@executable_path/Frameworks",
				);
				MARKETING_VERSION = 1.0;
				PRODUCT_BUNDLE_IDENTIFIER = com.hano.DiaryApp;
				PRODUCT_NAME = "$(TARGET_NAME)";
				SWIFT_EMIT_LOC_STRINGS = YES;
				SWIFT_VERSION = 5.0;
				TARGETED_DEVICE_FAMILY = "1,2";
			};
			name = Release;
		};
/* End XCBuildConfiguration section */

/* Begin XCConfigurationList section */
		8564B5DF28B0D44A001A02BD /* Build configuration list for PBXProject "DiaryApp" */ = {
			isa = XCConfigurationList;
			buildConfigurations = (
				8564B5F628B0D44B001A02BD /* Debug */,
				8564B5F728B0D44B001A02BD /* Release */,
			);
			defaultConfigurationIsVisible = 0;
			defaultConfigurationName = Release;
		};
		8564B5F828B0D44B001A02BD /* Build configuration list for PBXNativeTarget "DiaryApp" */ = {
			isa = XCConfigurationList;
			buildConfigurations = (
				8564B5F928B0D44B001A02BD /* Debug */,
				8564B5FA28B0D44B001A02BD /* Release */,
			);
			defaultConfigurationIsVisible = 0;
			defaultConfigurationName = Release;
		};
/* End XCConfigurationList section */

/* Begin XCRemoteSwiftPackageReference section */
		8564B60828B0DAE2001A02BD /* XCRemoteSwiftPackageReference "SnapKit" */ = {
			isa = XCRemoteSwiftPackageReference;
			repositoryURL = "https://github.com/SnapKit/SnapKit.git";
			requirement = {
				kind = upToNextMajorVersion;
				minimumVersion = 5.0.0;
			};
		};
		85788BF728B36384008EC5E0 /* XCRemoteSwiftPackageReference "Kingfisher" */ = {
			isa = XCRemoteSwiftPackageReference;
			repositoryURL = "https://github.com/onevcat/Kingfisher.git";
			requirement = {
				kind = upToNextMajorVersion;
				minimumVersion = 7.0.0;
			};
		};
		85788C0228B3C6A2008EC5E0 /* XCRemoteSwiftPackageReference "Alamofire" */ = {
			isa = XCRemoteSwiftPackageReference;
			repositoryURL = "https://github.com/Alamofire/Alamofire.git";
			requirement = {
				kind = upToNextMajorVersion;
				minimumVersion = 5.0.0;
			};
		};
		85788C0528B3C6AD008EC5E0 /* XCRemoteSwiftPackageReference "SwiftyJSON" */ = {
			isa = XCRemoteSwiftPackageReference;
			repositoryURL = "https://github.com/SwiftyJSON/SwiftyJSON.git";
			requirement = {
				kind = upToNextMajorVersion;
				minimumVersion = 5.0.0;
			};
		};
		85788C1728B621E8008EC5E0 /* XCRemoteSwiftPackageReference "realm-swift" */ = {
			isa = XCRemoteSwiftPackageReference;
			repositoryURL = "https://github.com/realm/realm-swift.git";
			requirement = {
				kind = upToNextMajorVersion;
				minimumVersion = 10.0.0;
			};
		};
		85788C1F28B63410008EC5E0 /* XCRemoteSwiftPackageReference "Toast-Swift" */ = {
			isa = XCRemoteSwiftPackageReference;
			repositoryURL = "https://github.com/scalessec/Toast-Swift.git";
			requirement = {
				kind = upToNextMajorVersion;
				minimumVersion = 5.0.0;
			};
		};
/* End XCRemoteSwiftPackageReference section */

/* Begin XCSwiftPackageProductDependency section */
		8564B60928B0DAE2001A02BD /* SnapKit */ = {
			isa = XCSwiftPackageProductDependency;
			package = 8564B60828B0DAE2001A02BD /* XCRemoteSwiftPackageReference "SnapKit" */;
			productName = SnapKit;
		};
		85788BF828B36384008EC5E0 /* Kingfisher */ = {
			isa = XCSwiftPackageProductDependency;
			package = 85788BF728B36384008EC5E0 /* XCRemoteSwiftPackageReference "Kingfisher" */;
			productName = Kingfisher;
		};
		85788C0328B3C6A2008EC5E0 /* Alamofire */ = {
			isa = XCSwiftPackageProductDependency;
			package = 85788C0228B3C6A2008EC5E0 /* XCRemoteSwiftPackageReference "Alamofire" */;
			productName = Alamofire;
		};
		85788C0628B3C6AD008EC5E0 /* SwiftyJSON */ = {
			isa = XCSwiftPackageProductDependency;
			package = 85788C0528B3C6AD008EC5E0 /* XCRemoteSwiftPackageReference "SwiftyJSON" */;
			productName = SwiftyJSON;
		};
		85788C1828B621E8008EC5E0 /* Realm */ = {
			isa = XCSwiftPackageProductDependency;
			package = 85788C1728B621E8008EC5E0 /* XCRemoteSwiftPackageReference "realm-swift" */;
			productName = Realm;
		};
		85788C1A28B621E8008EC5E0 /* RealmSwift */ = {
			isa = XCSwiftPackageProductDependency;
			package = 85788C1728B621E8008EC5E0 /* XCRemoteSwiftPackageReference "realm-swift" */;
			productName = RealmSwift;
		};
		85788C2028B63411008EC5E0 /* Toast */ = {
			isa = XCSwiftPackageProductDependency;
			package = 85788C1F28B63410008EC5E0 /* XCRemoteSwiftPackageReference "Toast-Swift" */;
			productName = Toast;
		};
/* End XCSwiftPackageProductDependency section */
	};
	rootObject = 8564B5DC28B0D44A001A02BD /* Project object */;
}
